
Microsoft Visual Studio Solution File, Format Version 12.00
# Visual Studio Version 16
VisualStudioVersion = 16.0.31702.278
MinimumVisualStudioVersion = 10.0.40219.1
Project("{FAE04EC0-301F-11D3-BF4B-00C04F79EFBC}") = "Gestor de Vacaciones", "Gestor de Vacaciones\Gestor de Vacaciones.csproj", "{F586DAC1-91A7-4AA9-B368-AFD13AAA75DC}"
EndProject
Global
	GlobalSection(SolutionConfigurationPlatforms) = preSolution
		Debug|Any CPU = Debug|Any CPU
		Release|Any CPU = Release|Any CPU
	EndGlobalSection
	GlobalSection(ProjectConfigurationPlatforms) = postSolution
		{F586DAC1-91A7-4AA9-B368-AFD13AAA75DC}.Debug|Any CPU.ActiveCfg = Debug|Any CPU
		{F586DAC1-91A7-4AA9-B368-AFD13AAA75DC}.Debug|Any CPU.Build.0 = Debug|Any CPU
		{F586DAC1-91A7-4AA9-B368-AFD13AAA75DC}.Release|Any CPU.ActiveCfg = Release|Any CPU
		{F586DAC1-91A7-4AA9-B368-AFD13AAA75DC}.Release|Any CPU.Build.0 = Release|Any CPU
	EndGlobalSection
	GlobalSection(SolutionProperties) = preSolution
		HideSolutionNode = FALSE
	EndGlobalSection
	GlobalSection(ExtensibilityGlobals) = postSolution
		SolutionGuid = {0DCABBCA-1AC8-4FAE-B2B4-9CC4492B72D2}
	EndGlobalSection
EndGlobal
